// !$*UTF8*$!
{
	archiveVersion = 1;
	classes = {
	};
	objectVersion = 55;
	objects = {

/* Begin PBXBuildFile section */
		020EF05700BB7882632638C5 /* Pods_MiFit.framework in Frameworks */ = {isa = PBXBuildFile; fileRef = 5F9434B4E3C3972724FBB431 /* Pods_MiFit.framework */; };
		6BA52FE628630035009D6E34 /* AppDelegate.swift in Sources */ = {isa = PBXBuildFile; fileRef = 6BA52FE528630035009D6E34 /* AppDelegate.swift */; };
		6BA52FE828630035009D6E34 /* SceneDelegate.swift in Sources */ = {isa = PBXBuildFile; fileRef = 6BA52FE728630035009D6E34 /* SceneDelegate.swift */; };
		6BA52FEF28630036009D6E34 /* Assets.xcassets in Resources */ = {isa = PBXBuildFile; fileRef = 6BA52FEE28630036009D6E34 /* Assets.xcassets */; };
		6BA52FF228630036009D6E34 /* LaunchScreen.storyboard in Resources */ = {isa = PBXBuildFile; fileRef = 6BA52FF028630036009D6E34 /* LaunchScreen.storyboard */; };
		6BA52FFE28630210009D6E34 /* MiFit.xcassets in Resources */ = {isa = PBXBuildFile; fileRef = 6BA52FFD28630210009D6E34 /* MiFit.xcassets */; };
		6BA530002863021D009D6E34 /* MiFitActivityButton.xib in Resources */ = {isa = PBXBuildFile; fileRef = 6BA52FFF2863021D009D6E34 /* MiFitActivityButton.xib */; };
		6BA5300D28630293009D6E34 /* pause_play.json in Resources */ = {isa = PBXBuildFile; fileRef = 6BA5300B28630293009D6E34 /* pause_play.json */; };
		6BA5300E28630293009D6E34 /* play_pause.json in Resources */ = {isa = PBXBuildFile; fileRef = 6BA5300C28630293009D6E34 /* play_pause.json */; };
		6BA53019286302C9009D6E34 /* MiFitStylesheet.swift in Sources */ = {isa = PBXBuildFile; fileRef = 6BA5300F286302C9009D6E34 /* MiFitStylesheet.swift */; };
		6BA5301A286302C9009D6E34 /* MiFitViewController.swift in Sources */ = {isa = PBXBuildFile; fileRef = 6BA53010286302C9009D6E34 /* MiFitViewController.swift */; };
		6BA5301B286302C9009D6E34 /* CGRect+Helpers.swift in Sources */ = {isa = PBXBuildFile; fileRef = 6BA53011286302C9009D6E34 /* CGRect+Helpers.swift */; };
		6BA5301C286302C9009D6E34 /* MiFitMapViewController.swift in Sources */ = {isa = PBXBuildFile; fileRef = 6BA53012286302C9009D6E34 /* MiFitMapViewController.swift */; };
		6BA5301D286302C9009D6E34 /* MiFitContainerView.swift in Sources */ = {isa = PBXBuildFile; fileRef = 6BA53013286302C9009D6E34 /* MiFitContainerView.swift */; };
		6BA5301E286302C9009D6E34 /* MiFitPinView.swift in Sources */ = {isa = PBXBuildFile; fileRef = 6BA53014286302C9009D6E34 /* MiFitPinView.swift */; };
		6BA5301F286302C9009D6E34 /* MiFitActivityButton.swift in Sources */ = {isa = PBXBuildFile; fileRef = 6BA53015286302C9009D6E34 /* MiFitActivityButton.swift */; };
		6BA53020286302C9009D6E34 /* CALayer+Helpers.swift in Sources */ = {isa = PBXBuildFile; fileRef = 6BA53016286302C9009D6E34 /* CALayer+Helpers.swift */; };
		6BA53021286302C9009D6E34 /* MiFitActivityContainer.swift in Sources */ = {isa = PBXBuildFile; fileRef = 6BA53017286302C9009D6E34 /* MiFitActivityContainer.swift */; };
		6BA53022286302C9009D6E34 /* MiFitToogleOpenButton.swift in Sources */ = {isa = PBXBuildFile; fileRef = 6BA53018286302C9009D6E34 /* MiFitToogleOpenButton.swift */; };
		6BA5302C2863441F009D6E34 /* UIViewController+Child.swift in Sources */ = {isa = PBXBuildFile; fileRef = 6BA5302B2863441F009D6E34 /* UIViewController+Child.swift */; };
		6BA5302E28634768009D6E34 /* MiFitMapViewController.xib in Resources */ = {isa = PBXBuildFile; fileRef = 6BA5302D28634768009D6E34 /* MiFitMapViewController.xib */; };
		6BA5303428634BAC009D6E34 /* MiFitViewController.xib in Resources */ = {isa = PBXBuildFile; fileRef = 6BA5303328634BAC009D6E34 /* MiFitViewController.xib */; };
		6BA5303528635824009D6E34 /* Raleway-Light.ttf in Resources */ = {isa = PBXBuildFile; fileRef = 6BA5300428630237009D6E34 /* Raleway-Light.ttf */; };
		6BA5303628635827009D6E34 /* Raleway-Medium.ttf in Resources */ = {isa = PBXBuildFile; fileRef = 6BA5300328630237009D6E34 /* Raleway-Medium.ttf */; };
		6BA5303728635829009D6E34 /* Raleway-Regular.ttf in Resources */ = {isa = PBXBuildFile; fileRef = 6BA5300628630237009D6E34 /* Raleway-Regular.ttf */; };
		6BA530382863582B009D6E34 /* Rubik-Bold.ttf in Resources */ = {isa = PBXBuildFile; fileRef = 6BA5300728630237009D6E34 /* Rubik-Bold.ttf */; };
		6BA530392863582D009D6E34 /* Rubik-Regular.ttf in Resources */ = {isa = PBXBuildFile; fileRef = 6BA5300528630237009D6E34 /* Rubik-Regular.ttf */; };
		6BE77303287C65E3000ED5FB /* MiFit.podspec in Resources */ = {isa = PBXBuildFile; fileRef = 6BE77302287C65E3000ED5FB /* MiFit.podspec */; };
		6BE77305287C6637000ED5FB /* MiFitBundleHelper.swift in Sources */ = {isa = PBXBuildFile; fileRef = 6BE77304287C6637000ED5FB /* MiFitBundleHelper.swift */; };
/* End PBXBuildFile section */

/* Begin PBXFileReference section */
		5F9434B4E3C3972724FBB431 /* Pods_MiFit.framework */ = {isa = PBXFileReference; explicitFileType = wrapper.framework; includeInIndex = 0; path = Pods_MiFit.framework; sourceTree = BUILT_PRODUCTS_DIR; };
		6BA52FE228630035009D6E34 /* MiFit.app */ = {isa = PBXFileReference; explicitFileType = wrapper.application; includeInIndex = 0; path = MiFit.app; sourceTree = BUILT_PRODUCTS_DIR; };
		6BA52FE528630035009D6E34 /* AppDelegate.swift */ = {isa = PBXFileReference; lastKnownFileType = sourcecode.swift; path = AppDelegate.swift; sourceTree = "<group>"; };
		6BA52FE728630035009D6E34 /* SceneDelegate.swift */ = {isa = PBXFileReference; lastKnownFileType = sourcecode.swift; path = SceneDelegate.swift; sourceTree = "<group>"; };
		6BA52FEE28630036009D6E34 /* Assets.xcassets */ = {isa = PBXFileReference; lastKnownFileType = folder.assetcatalog; path = Assets.xcassets; sourceTree = "<group>"; };
		6BA52FF128630036009D6E34 /* Base */ = {isa = PBXFileReference; lastKnownFileType = file.storyboard; name = Base; path = Base.lproj/LaunchScreen.storyboard; sourceTree = "<group>"; };
		6BA52FF328630036009D6E34 /* Info.plist */ = {isa = PBXFileReference; lastKnownFileType = text.plist.xml; path = Info.plist; sourceTree = "<group>"; };
		6BA52FFD28630210009D6E34 /* MiFit.xcassets */ = {isa = PBXFileReference; lastKnownFileType = folder.assetcatalog; path = MiFit.xcassets; sourceTree = "<group>"; };
		6BA52FFF2863021D009D6E34 /* MiFitActivityButton.xib */ = {isa = PBXFileReference; fileEncoding = 4; lastKnownFileType = file.xib; path = MiFitActivityButton.xib; sourceTree = "<group>"; };
		6BA5300328630237009D6E34 /* Raleway-Medium.ttf */ = {isa = PBXFileReference; lastKnownFileType = file; path = "Raleway-Medium.ttf"; sourceTree = "<group>"; };
		6BA5300428630237009D6E34 /* Raleway-Light.ttf */ = {isa = PBXFileReference; lastKnownFileType = file; path = "Raleway-Light.ttf"; sourceTree = "<group>"; };
		6BA5300528630237009D6E34 /* Rubik-Regular.ttf */ = {isa = PBXFileReference; lastKnownFileType = file; path = "Rubik-Regular.ttf"; sourceTree = "<group>"; };
		6BA5300628630237009D6E34 /* Raleway-Regular.ttf */ = {isa = PBXFileReference; lastKnownFileType = file; path = "Raleway-Regular.ttf"; sourceTree = "<group>"; };
		6BA5300728630237009D6E34 /* Rubik-Bold.ttf */ = {isa = PBXFileReference; lastKnownFileType = file; path = "Rubik-Bold.ttf"; sourceTree = "<group>"; };
		6BA5300B28630293009D6E34 /* pause_play.json */ = {isa = PBXFileReference; fileEncoding = 4; lastKnownFileType = text.json; path = pause_play.json; sourceTree = "<group>"; };
		6BA5300C28630293009D6E34 /* play_pause.json */ = {isa = PBXFileReference; fileEncoding = 4; lastKnownFileType = text.json; path = play_pause.json; sourceTree = "<group>"; };
		6BA5300F286302C9009D6E34 /* MiFitStylesheet.swift */ = {isa = PBXFileReference; fileEncoding = 4; lastKnownFileType = sourcecode.swift; path = MiFitStylesheet.swift; sourceTree = "<group>"; };
		6BA53010286302C9009D6E34 /* MiFitViewController.swift */ = {isa = PBXFileReference; fileEncoding = 4; lastKnownFileType = sourcecode.swift; path = MiFitViewController.swift; sourceTree = "<group>"; };
		6BA53011286302C9009D6E34 /* CGRect+Helpers.swift */ = {isa = PBXFileReference; fileEncoding = 4; lastKnownFileType = sourcecode.swift; path = "CGRect+Helpers.swift"; sourceTree = "<group>"; };
		6BA53012286302C9009D6E34 /* MiFitMapViewController.swift */ = {isa = PBXFileReference; fileEncoding = 4; lastKnownFileType = sourcecode.swift; path = MiFitMapViewController.swift; sourceTree = "<group>"; };
		6BA53013286302C9009D6E34 /* MiFitContainerView.swift */ = {isa = PBXFileReference; fileEncoding = 4; lastKnownFileType = sourcecode.swift; path = MiFitContainerView.swift; sourceTree = "<group>"; };
		6BA53014286302C9009D6E34 /* MiFitPinView.swift */ = {isa = PBXFileReference; fileEncoding = 4; lastKnownFileType = sourcecode.swift; path = MiFitPinView.swift; sourceTree = "<group>"; };
		6BA53015286302C9009D6E34 /* MiFitActivityButton.swift */ = {isa = PBXFileReference; fileEncoding = 4; lastKnownFileType = sourcecode.swift; path = MiFitActivityButton.swift; sourceTree = "<group>"; };
		6BA53016286302C9009D6E34 /* CALayer+Helpers.swift */ = {isa = PBXFileReference; fileEncoding = 4; lastKnownFileType = sourcecode.swift; path = "CALayer+Helpers.swift"; sourceTree = "<group>"; };
		6BA53017286302C9009D6E34 /* MiFitActivityContainer.swift */ = {isa = PBXFileReference; fileEncoding = 4; lastKnownFileType = sourcecode.swift; path = MiFitActivityContainer.swift; sourceTree = "<group>"; };
		6BA53018286302C9009D6E34 /* MiFitToogleOpenButton.swift */ = {isa = PBXFileReference; fileEncoding = 4; lastKnownFileType = sourcecode.swift; path = MiFitToogleOpenButton.swift; sourceTree = "<group>"; };
		6BA5302B2863441F009D6E34 /* UIViewController+Child.swift */ = {isa = PBXFileReference; lastKnownFileType = sourcecode.swift; path = "UIViewController+Child.swift"; sourceTree = "<group>"; };
		6BA5302D28634768009D6E34 /* MiFitMapViewController.xib */ = {isa = PBXFileReference; lastKnownFileType = file.xib; path = MiFitMapViewController.xib; sourceTree = "<group>"; };
		6BA5303328634BAC009D6E34 /* MiFitViewController.xib */ = {isa = PBXFileReference; lastKnownFileType = file.xib; path = MiFitViewController.xib; sourceTree = "<group>"; };
		6BE77302287C65E3000ED5FB /* MiFit.podspec */ = {isa = PBXFileReference; lastKnownFileType = file; path = MiFit.podspec; sourceTree = SOURCE_ROOT; };
		6BE77304287C6637000ED5FB /* MiFitBundleHelper.swift */ = {isa = PBXFileReference; lastKnownFileType = sourcecode.swift; path = MiFitBundleHelper.swift; sourceTree = "<group>"; };
		88B5690DF7DA67B11035A2EA /* Pods-MiFit.release.xcconfig */ = {isa = PBXFileReference; includeInIndex = 1; lastKnownFileType = text.xcconfig; name = "Pods-MiFit.release.xcconfig"; path = "Target Support Files/Pods-MiFit/Pods-MiFit.release.xcconfig"; sourceTree = "<group>"; };
		FD31E27EC045B446B082F2D0 /* Pods-MiFit.debug.xcconfig */ = {isa = PBXFileReference; includeInIndex = 1; lastKnownFileType = text.xcconfig; name = "Pods-MiFit.debug.xcconfig"; path = "Target Support Files/Pods-MiFit/Pods-MiFit.debug.xcconfig"; sourceTree = "<group>"; };
/* End PBXFileReference section */

/* Begin PBXFrameworksBuildPhase section */
		6BA52FDF28630035009D6E34 /* Frameworks */ = {
			isa = PBXFrameworksBuildPhase;
			buildActionMask = 2147483647;
			files = (
				020EF05700BB7882632638C5 /* Pods_MiFit.framework in Frameworks */,
			);
			runOnlyForDeploymentPostprocessing = 0;
		};
/* End PBXFrameworksBuildPhase section */

/* Begin PBXGroup section */
		6BA52FD928630035009D6E34 = {
			isa = PBXGroup;
			children = (
				6BA52FF9286300A4009D6E34 /* MiFitControl */,
				6BA52FE428630035009D6E34 /* MiFitDemo */,
				6BE77301287C65C7000ED5FB /* Scripts */,
				6BA52FE328630035009D6E34 /* Products */,
				E3D1AFBCEE04B5EAC004EEA3 /* Pods */,
				74ED2D18552BBFD1E8CF97A3 /* Frameworks */,
			);
			sourceTree = "<group>";
		};
		6BA52FE328630035009D6E34 /* Products */ = {
			isa = PBXGroup;
			children = (
				6BA52FE228630035009D6E34 /* MiFit.app */,
			);
			name = Products;
			sourceTree = "<group>";
		};
		6BA52FE428630035009D6E34 /* MiFitDemo */ = {
			isa = PBXGroup;
			children = (
				6BA52FE528630035009D6E34 /* AppDelegate.swift */,
				6BA52FE728630035009D6E34 /* SceneDelegate.swift */,
				6BA52FFA286300C4009D6E34 /* Resources */,
			);
			path = MiFitDemo;
			sourceTree = "<group>";
		};
		6BA52FF9286300A4009D6E34 /* MiFitControl */ = {
			isa = PBXGroup;
			children = (
				6BA52FFB2863018C009D6E34 /* Source */,
				6BA52FFC28630199009D6E34 /* Resources */,
			);
			path = MiFitControl;
			sourceTree = "<group>";
		};
		6BA52FFA286300C4009D6E34 /* Resources */ = {
			isa = PBXGroup;
			children = (
				6BA52FF328630036009D6E34 /* Info.plist */,
				6BA52FEE28630036009D6E34 /* Assets.xcassets */,
				6BA5302328630300009D6E34 /* UI */,
			);
			path = Resources;
			sourceTree = "<group>";
		};
		6BA52FFB2863018C009D6E34 /* Source */ = {
			isa = PBXGroup;
			children = (
				6BE77300287C65AB000ED5FB /* Common */,
				6BA530242863038B009D6E34 /* Controllers */,
			);
			path = Source;
			sourceTree = "<group>";
		};
		6BA52FFC28630199009D6E34 /* Resources */ = {
			isa = PBXGroup;
			children = (
				6BA5300B28630293009D6E34 /* pause_play.json */,
				6BA5300C28630293009D6E34 /* play_pause.json */,
				6BA52FFD28630210009D6E34 /* MiFit.xcassets */,
				6BA5302D28634768009D6E34 /* MiFitMapViewController.xib */,
				6BA5303328634BAC009D6E34 /* MiFitViewController.xib */,
				6BA5302F2863477A009D6E34 /* Controls */,
				6BA530082863023B009D6E34 /* MiFitFonts */,
			);
			path = Resources;
			sourceTree = "<group>";
		};
		6BA530082863023B009D6E34 /* MiFitFonts */ = {
			isa = PBXGroup;
			children = (
				6BA5300428630237009D6E34 /* Raleway-Light.ttf */,
				6BA5300328630237009D6E34 /* Raleway-Medium.ttf */,
				6BA5300628630237009D6E34 /* Raleway-Regular.ttf */,
				6BA5300728630237009D6E34 /* Rubik-Bold.ttf */,
				6BA5300528630237009D6E34 /* Rubik-Regular.ttf */,
			);
			path = MiFitFonts;
			sourceTree = "<group>";
		};
		6BA5302328630300009D6E34 /* UI */ = {
			isa = PBXGroup;
			children = (
				6BA52FF028630036009D6E34 /* LaunchScreen.storyboard */,
			);
			path = UI;
			sourceTree = "<group>";
		};
		6BA530242863038B009D6E34 /* Controllers */ = {
			isa = PBXGroup;
			children = (
				6BA53012286302C9009D6E34 /* MiFitMapViewController.swift */,
				6BA53010286302C9009D6E34 /* MiFitViewController.swift */,
			);
			path = Controllers;
			sourceTree = "<group>";
		};
		6BA53025286303F2009D6E34 /* Extensions */ = {
			isa = PBXGroup;
			children = (
				6BA53016286302C9009D6E34 /* CALayer+Helpers.swift */,
				6BA53011286302C9009D6E34 /* CGRect+Helpers.swift */,
				6BA5302B2863441F009D6E34 /* UIViewController+Child.swift */,
			);
			path = Extensions;
			sourceTree = "<group>";
		};
		6BA530262863044B009D6E34 /* Controls */ = {
			isa = PBXGroup;
			children = (
				6BA53015286302C9009D6E34 /* MiFitActivityButton.swift */,
				6BA53017286302C9009D6E34 /* MiFitActivityContainer.swift */,
				6BA53013286302C9009D6E34 /* MiFitContainerView.swift */,
				6BA53014286302C9009D6E34 /* MiFitPinView.swift */,
				6BA53018286302C9009D6E34 /* MiFitToogleOpenButton.swift */,
			);
			path = Controls;
			sourceTree = "<group>";
		};
		6BA5302F2863477A009D6E34 /* Controls */ = {
			isa = PBXGroup;
			children = (
				6BA52FFF2863021D009D6E34 /* MiFitActivityButton.xib */,
			);
			path = Controls;
			sourceTree = "<group>";
		};
		6BE77300287C65AB000ED5FB /* Common */ = {
			isa = PBXGroup;
			children = (
				6BE77304287C6637000ED5FB /* MiFitBundleHelper.swift */,
				6BA5300F286302C9009D6E34 /* MiFitStylesheet.swift */,
				6BA530262863044B009D6E34 /* Controls */,
				6BA53025286303F2009D6E34 /* Extensions */,
			);
			path = Common;
			sourceTree = "<group>";
		};
		6BE77301287C65C7000ED5FB /* Scripts */ = {
			isa = PBXGroup;
			children = (
				6BE77302287C65E3000ED5FB /* MiFit.podspec */,
			);
			path = Scripts;
			sourceTree = "<group>";
		};
		74ED2D18552BBFD1E8CF97A3 /* Frameworks */ = {
			isa = PBXGroup;
			children = (
				5F9434B4E3C3972724FBB431 /* Pods_MiFit.framework */,
			);
			name = Frameworks;
			sourceTree = "<group>";
		};
		E3D1AFBCEE04B5EAC004EEA3 /* Pods */ = {
			isa = PBXGroup;
			children = (
				FD31E27EC045B446B082F2D0 /* Pods-MiFit.debug.xcconfig */,
				88B5690DF7DA67B11035A2EA /* Pods-MiFit.release.xcconfig */,
			);
			path = Pods;
			sourceTree = "<group>";
		};
/* End PBXGroup section */

/* Begin PBXNativeTarget section */
		6BA52FE128630035009D6E34 /* MiFit */ = {
			isa = PBXNativeTarget;
			buildConfigurationList = 6BA52FF628630036009D6E34 /* Build configuration list for PBXNativeTarget "MiFit" */;
			buildPhases = (
				6D0766F96382EB3AC01F7C2B /* [CP] Check Pods Manifest.lock */,
				6BA52FDE28630035009D6E34 /* Sources */,
				6BA52FDF28630035009D6E34 /* Frameworks */,
				6BA52FE028630035009D6E34 /* Resources */,
				D55D0E36123ACEB098DFADE5 /* [CP] Embed Pods Frameworks */,
			);
			buildRules = (
			);
			dependencies = (
			);
			name = MiFit;
			productName = MiFit;
			productReference = 6BA52FE228630035009D6E34 /* MiFit.app */;
			productType = "com.apple.product-type.application";
		};
/* End PBXNativeTarget section */

/* Begin PBXProject section */
		6BA52FDA28630035009D6E34 /* Project object */ = {
			isa = PBXProject;
			attributes = {
				BuildIndependentTargetsInParallel = 1;
				LastSwiftUpdateCheck = 1340;
				LastUpgradeCheck = 1340;
				TargetAttributes = {
					6BA52FE128630035009D6E34 = {
						CreatedOnToolsVersion = 13.4;
					};
				};
			};
			buildConfigurationList = 6BA52FDD28630035009D6E34 /* Build configuration list for PBXProject "MiFit" */;
			compatibilityVersion = "Xcode 13.0";
			developmentRegion = en;
			hasScannedForEncodings = 0;
			knownRegions = (
				en,
				Base,
			);
			mainGroup = 6BA52FD928630035009D6E34;
			productRefGroup = 6BA52FE328630035009D6E34 /* Products */;
			projectDirPath = "";
			projectRoot = "";
			targets = (
				6BA52FE128630035009D6E34 /* MiFit */,
			);
		};
/* End PBXProject section */

/* Begin PBXResourcesBuildPhase section */
		6BA52FE028630035009D6E34 /* Resources */ = {
			isa = PBXResourcesBuildPhase;
			buildActionMask = 2147483647;
			files = (
				6BA530382863582B009D6E34 /* Rubik-Bold.ttf in Resources */,
				6BA530392863582D009D6E34 /* Rubik-Regular.ttf in Resources */,
				6BA52FF228630036009D6E34 /* LaunchScreen.storyboard in Resources */,
				6BA5303528635824009D6E34 /* Raleway-Light.ttf in Resources */,
				6BA5302E28634768009D6E34 /* MiFitMapViewController.xib in Resources */,
				6BA52FEF28630036009D6E34 /* Assets.xcassets in Resources */,
				6BA5300D28630293009D6E34 /* pause_play.json in Resources */,
				6BA5300E28630293009D6E34 /* play_pause.json in Resources */,
				6BA530002863021D009D6E34 /* MiFitActivityButton.xib in Resources */,
				6BA5303728635829009D6E34 /* Raleway-Regular.ttf in Resources */,
				6BE77303287C65E3000ED5FB /* MiFit.podspec in Resources */,
				6BA5303628635827009D6E34 /* Raleway-Medium.ttf in Resources */,
				6BA52FFE28630210009D6E34 /* MiFit.xcassets in Resources */,
				6BA5303428634BAC009D6E34 /* MiFitViewController.xib in Resources */,
			);
			runOnlyForDeploymentPostprocessing = 0;
		};
/* End PBXResourcesBuildPhase section */

/* Begin PBXShellScriptBuildPhase section */
		6D0766F96382EB3AC01F7C2B /* [CP] Check Pods Manifest.lock */ = {
			isa = PBXShellScriptBuildPhase;
			buildActionMask = 2147483647;
			files = (
			);
			inputFileListPaths = (
			);
			inputPaths = (
				"${PODS_PODFILE_DIR_PATH}/Podfile.lock",
				"${PODS_ROOT}/Manifest.lock",
			);
			name = "[CP] Check Pods Manifest.lock";
			outputFileListPaths = (
			);
			outputPaths = (
				"$(DERIVED_FILE_DIR)/Pods-MiFit-checkManifestLockResult.txt",
			);
			runOnlyForDeploymentPostprocessing = 0;
			shellPath = /bin/sh;
			shellScript = "diff \"${PODS_PODFILE_DIR_PATH}/Podfile.lock\" \"${PODS_ROOT}/Manifest.lock\" > /dev/null\nif [ $? != 0 ] ; then\n    # print error to STDERR\n    echo \"error: The sandbox is not in sync with the Podfile.lock. Run 'pod install' or update your CocoaPods installation.\" >&2\n    exit 1\nfi\n# This output is used by Xcode 'outputs' to avoid re-running this script phase.\necho \"SUCCESS\" > \"${SCRIPT_OUTPUT_FILE_0}\"\n";
			showEnvVarsInLog = 0;
		};
		D55D0E36123ACEB098DFADE5 /* [CP] Embed Pods Frameworks */ = {
			isa = PBXShellScriptBuildPhase;
			buildActionMask = 2147483647;
			files = (
			);
			inputFileListPaths = (
				"${PODS_ROOT}/Target Support Files/Pods-MiFit/Pods-MiFit-frameworks-${CONFIGURATION}-input-files.xcfilelist",
			);
			name = "[CP] Embed Pods Frameworks";
			outputFileListPaths = (
				"${PODS_ROOT}/Target Support Files/Pods-MiFit/Pods-MiFit-frameworks-${CONFIGURATION}-output-files.xcfilelist",
			);
			runOnlyForDeploymentPostprocessing = 0;
			shellPath = /bin/sh;
			shellScript = "\"${PODS_ROOT}/Target Support Files/Pods-MiFit/Pods-MiFit-frameworks.sh\"\n";
			showEnvVarsInLog = 0;
		};
/* End PBXShellScriptBuildPhase section */

/* Begin PBXSourcesBuildPhase section */
		6BA52FDE28630035009D6E34 /* Sources */ = {
			isa = PBXSourcesBuildPhase;
			buildActionMask = 2147483647;
			files = (
				6BA5301E286302C9009D6E34 /* MiFitPinView.swift in Sources */,
				6BA5301B286302C9009D6E34 /* CGRect+Helpers.swift in Sources */,
				6BA53021286302C9009D6E34 /* MiFitActivityContainer.swift in Sources */,
				6BA5301F286302C9009D6E34 /* MiFitActivityButton.swift in Sources */,
				6BA5302C2863441F009D6E34 /* UIViewController+Child.swift in Sources */,
				6BE77305287C6637000ED5FB /* MiFitBundleHelper.swift in Sources */,
				6BA5301A286302C9009D6E34 /* MiFitViewController.swift in Sources */,
				6BA5301D286302C9009D6E34 /* MiFitContainerView.swift in Sources */,
				6BA52FE628630035009D6E34 /* AppDelegate.swift in Sources */,
				6BA53019286302C9009D6E34 /* MiFitStylesheet.swift in Sources */,
				6BA53020286302C9009D6E34 /* CALayer+Helpers.swift in Sources */,
				6BA52FE828630035009D6E34 /* SceneDelegate.swift in Sources */,
				6BA5301C286302C9009D6E34 /* MiFitMapViewController.swift in Sources */,
				6BA53022286302C9009D6E34 /* MiFitToogleOpenButton.swift in Sources */,
			);
			runOnlyForDeploymentPostprocessing = 0;
		};
/* End PBXSourcesBuildPhase section */

/* Begin PBXVariantGroup section */
		6BA52FF028630036009D6E34 /* LaunchScreen.storyboard */ = {
			isa = PBXVariantGroup;
			children = (
				6BA52FF128630036009D6E34 /* Base */,
			);
			name = LaunchScreen.storyboard;
			sourceTree = "<group>";
		};
/* End PBXVariantGroup section */

/* Begin XCBuildConfiguration section */
		6BA52FF428630036009D6E34 /* Debug */ = {
			isa = XCBuildConfiguration;
			buildSettings = {
				ALWAYS_SEARCH_USER_PATHS = NO;
				CLANG_ANALYZER_NONNULL = YES;
				CLANG_ANALYZER_NUMBER_OBJECT_CONVERSION = YES_AGGRESSIVE;
				CLANG_CXX_LANGUAGE_STANDARD = "gnu++17";
				CLANG_ENABLE_MODULES = YES;
				CLANG_ENABLE_OBJC_ARC = YES;
				CLANG_ENABLE_OBJC_WEAK = YES;
				CLANG_WARN_BLOCK_CAPTURE_AUTORELEASING = YES;
				CLANG_WARN_BOOL_CONVERSION = YES;
				CLANG_WARN_COMMA = YES;
				CLANG_WARN_CONSTANT_CONVERSION = YES;
				CLANG_WARN_DEPRECATED_OBJC_IMPLEMENTATIONS = YES;
				CLANG_WARN_DIRECT_OBJC_ISA_USAGE = YES_ERROR;
				CLANG_WARN_DOCUMENTATION_COMMENTS = YES;
				CLANG_WARN_EMPTY_BODY = YES;
				CLANG_WARN_ENUM_CONVERSION = YES;
				CLANG_WARN_INFINITE_RECURSION = YES;
				CLANG_WARN_INT_CONVERSION = YES;
				CLANG_WARN_NON_LITERAL_NULL_CONVERSION = YES;
				CLANG_WARN_OBJC_IMPLICIT_RETAIN_SELF = YES;
				CLANG_WARN_OBJC_LITERAL_CONVERSION = YES;
				CLANG_WARN_OBJC_ROOT_CLASS = YES_ERROR;
				CLANG_WARN_QUOTED_INCLUDE_IN_FRAMEWORK_HEADER = YES;
				CLANG_WARN_RANGE_LOOP_ANALYSIS = YES;
				CLANG_WARN_STRICT_PROTOTYPES = YES;
				CLANG_WARN_SUSPICIOUS_MOVE = YES;
				CLANG_WARN_UNGUARDED_AVAILABILITY = YES_AGGRESSIVE;
				CLANG_WARN_UNREACHABLE_CODE = YES;
				CLANG_WARN__DUPLICATE_METHOD_MATCH = YES;
				COPY_PHASE_STRIP = NO;
				DEBUG_INFORMATION_FORMAT = dwarf;
				ENABLE_STRICT_OBJC_MSGSEND = YES;
				ENABLE_TESTABILITY = YES;
				GCC_C_LANGUAGE_STANDARD = gnu11;
				GCC_DYNAMIC_NO_PIC = NO;
				GCC_NO_COMMON_BLOCKS = YES;
				GCC_OPTIMIZATION_LEVEL = 0;
				GCC_PREPROCESSOR_DEFINITIONS = (
					"DEBUG=1",
					"$(inherited)",
				);
				GCC_WARN_64_TO_32_BIT_CONVERSION = YES;
				GCC_WARN_ABOUT_RETURN_TYPE = YES_ERROR;
				GCC_WARN_UNDECLARED_SELECTOR = YES;
				GCC_WARN_UNINITIALIZED_AUTOS = YES_AGGRESSIVE;
				GCC_WARN_UNUSED_FUNCTION = YES;
				GCC_WARN_UNUSED_VARIABLE = YES;
				IPHONEOS_DEPLOYMENT_TARGET = 15.5;
				MTL_ENABLE_DEBUG_INFO = INCLUDE_SOURCE;
				MTL_FAST_MATH = YES;
				ONLY_ACTIVE_ARCH = YES;
				SDKROOT = iphoneos;
				SWIFT_ACTIVE_COMPILATION_CONDITIONS = DEBUG;
				SWIFT_OPTIMIZATION_LEVEL = "-Onone";
			};
			name = Debug;
		};
		6BA52FF528630036009D6E34 /* Release */ = {
			isa = XCBuildConfiguration;
			buildSettings = {
				ALWAYS_SEARCH_USER_PATHS = NO;
				CLANG_ANALYZER_NONNULL = YES;
				CLANG_ANALYZER_NUMBER_OBJECT_CONVERSION = YES_AGGRESSIVE;
				CLANG_CXX_LANGUAGE_STANDARD = "gnu++17";
				CLANG_ENABLE_MODULES = YES;
				CLANG_ENABLE_OBJC_ARC = YES;
				CLANG_ENABLE_OBJC_WEAK = YES;
				CLANG_WARN_BLOCK_CAPTURE_AUTORELEASING = YES;
				CLANG_WARN_BOOL_CONVERSION = YES;
				CLANG_WARN_COMMA = YES;
				CLANG_WARN_CONSTANT_CONVERSION = YES;
				CLANG_WARN_DEPRECATED_OBJC_IMPLEMENTATIONS = YES;
				CLANG_WARN_DIRECT_OBJC_ISA_USAGE = YES_ERROR;
				CLANG_WARN_DOCUMENTATION_COMMENTS = YES;
				CLANG_WARN_EMPTY_BODY = YES;
				CLANG_WARN_ENUM_CONVERSION = YES;
				CLANG_WARN_INFINITE_RECURSION = YES;
				CLANG_WARN_INT_CONVERSION = YES;
				CLANG_WARN_NON_LITERAL_NULL_CONVERSION = YES;
				CLANG_WARN_OBJC_IMPLICIT_RETAIN_SELF = YES;
				CLANG_WARN_OBJC_LITERAL_CONVERSION = YES;
				CLANG_WARN_OBJC_ROOT_CLASS = YES_ERROR;
				CLANG_WARN_QUOTED_INCLUDE_IN_FRAMEWORK_HEADER = YES;
				CLANG_WARN_RANGE_LOOP_ANALYSIS = YES;
				CLANG_WARN_STRICT_PROTOTYPES = YES;
				CLANG_WARN_SUSPICIOUS_MOVE = YES;
				CLANG_WARN_UNGUARDED_AVAILABILITY = YES_AGGRESSIVE;
				CLANG_WARN_UNREACHABLE_CODE = YES;
				CLANG_WARN__DUPLICATE_METHOD_MATCH = YES;
				COPY_PHASE_STRIP = NO;
				DEBUG_INFORMATION_FORMAT = "dwarf-with-dsym";
				ENABLE_NS_ASSERTIONS = NO;
				ENABLE_STRICT_OBJC_MSGSEND = YES;
				GCC_C_LANGUAGE_STANDARD = gnu11;
				GCC_NO_COMMON_BLOCKS = YES;
				GCC_WARN_64_TO_32_BIT_CONVERSION = YES;
				GCC_WARN_ABOUT_RETURN_TYPE = YES_ERROR;
				GCC_WARN_UNDECLARED_SELECTOR = YES;
				GCC_WARN_UNINITIALIZED_AUTOS = YES_AGGRESSIVE;
				GCC_WARN_UNUSED_FUNCTION = YES;
				GCC_WARN_UNUSED_VARIABLE = YES;
				IPHONEOS_DEPLOYMENT_TARGET = 15.5;
				MTL_ENABLE_DEBUG_INFO = NO;
				MTL_FAST_MATH = YES;
				SDKROOT = iphoneos;
				SWIFT_COMPILATION_MODE = wholemodule;
				SWIFT_OPTIMIZATION_LEVEL = "-O";
				VALIDATE_PRODUCT = YES;
			};
			name = Release;
		};
		6BA52FF728630036009D6E34 /* Debug */ = {
			isa = XCBuildConfiguration;
			baseConfigurationReference = FD31E27EC045B446B082F2D0 /* Pods-MiFit.debug.xcconfig */;
			buildSettings = {
				ASSETCATALOG_COMPILER_APPICON_NAME = AppIcon;
				ASSETCATALOG_COMPILER_GLOBAL_ACCENT_COLOR_NAME = AccentColor;
				CODE_SIGN_STYLE = Automatic;
				CURRENT_PROJECT_VERSION = 1;
				DEVELOPMENT_TEAM = MW2UF479VW;
				GENERATE_INFOPLIST_FILE = YES;
				INFOPLIST_FILE = MiFitDemo/Resources/Info.plist;
				INFOPLIST_KEY_UIApplicationSupportsIndirectInputEvents = YES;
				INFOPLIST_KEY_UILaunchStoryboardName = LaunchScreen;
				INFOPLIST_KEY_UISupportedInterfaceOrientations = UIInterfaceOrientationPortrait;
				INFOPLIST_KEY_UISupportedInterfaceOrientations_iPad = "UIInterfaceOrientationPortrait UIInterfaceOrientationPortraitUpsideDown UIInterfaceOrientationLandscapeLeft UIInterfaceOrientationLandscapeRight";
				INFOPLIST_KEY_UISupportedInterfaceOrientations_iPhone = "UIInterfaceOrientationPortrait UIInterfaceOrientationLandscapeLeft UIInterfaceOrientationLandscapeRight";
				IPHONEOS_DEPLOYMENT_TARGET = 13.0;
				LD_RUNPATH_SEARCH_PATHS = (
					"$(inherited)",
					"@executable_path/Frameworks",
				);
				MARKETING_VERSION = 1.0;
				PRODUCT_BUNDLE_IDENTIFIER = shakuro.MiFit;
				PRODUCT_NAME = "$(TARGET_NAME)";
				SWIFT_EMIT_LOC_STRINGS = YES;
				SWIFT_VERSION = 5.0;
				TARGETED_DEVICE_FAMILY = "1,2";
			};
			name = Debug;
		};
		6BA52FF828630036009D6E34 /* Release */ = {
			isa = XCBuildConfiguration;
			baseConfigurationReference = 88B5690DF7DA67B11035A2EA /* Pods-MiFit.release.xcconfig */;
			buildSettings = {
				ASSETCATALOG_COMPILER_APPICON_NAME = AppIcon;
				ASSETCATALOG_COMPILER_GLOBAL_ACCENT_COLOR_NAME = AccentColor;
				CODE_SIGN_STYLE = Automatic;
				CURRENT_PROJECT_VERSION = 1;
				DEVELOPMENT_TEAM = MW2UF479VW;
				GENERATE_INFOPLIST_FILE = YES;
				INFOPLIST_FILE = MiFitDemo/Resources/Info.plist;
				INFOPLIST_KEY_UIApplicationSupportsIndirectInputEvents = YES;
				INFOPLIST_KEY_UILaunchStoryboardName = LaunchScreen;
				INFOPLIST_KEY_UISupportedInterfaceOrientations = UIInterfaceOrientationPortrait;
				INFOPLIST_KEY_UISupportedInterfaceOrientations_iPad = "UIInterfaceOrientationPortrait UIInterfaceOrientationPortraitUpsideDown UIInterfaceOrientationLandscapeLeft UIInterfaceOrientationLandscapeRight";
				INFOPLIST_KEY_UISupportedInterfaceOrientations_iPhone = "UIInterfaceOrientationPortrait UIInterfaceOrientationLandscapeLeft UIInterfaceOrientationLandscapeRight";
				IPHONEOS_DEPLOYMENT_TARGET = 13.0;
				LD_RUNPATH_SEARCH_PATHS = (
					"$(inherited)",
					"@executable_path/Frameworks",
				);
				MARKETING_VERSION = 1.0;
				PRODUCT_BUNDLE_IDENTIFIER = shakuro.MiFit;
				PRODUCT_NAME = "$(TARGET_NAME)";
				SWIFT_EMIT_LOC_STRINGS = YES;
				SWIFT_VERSION = 5.0;
				TARGETED_DEVICE_FAMILY = "1,2";
			};
			name = Release;
		};
/* End XCBuildConfiguration section */

/* Begin XCConfigurationList section */
		6BA52FDD28630035009D6E34 /* Build configuration list for PBXProject "MiFit" */ = {
			isa = XCConfigurationList;
			buildConfigurations = (
				6BA52FF428630036009D6E34 /* Debug */,
				6BA52FF528630036009D6E34 /* Release */,
			);
			defaultConfigurationIsVisible = 0;
			defaultConfigurationName = Release;
		};
		6BA52FF628630036009D6E34 /* Build configuration list for PBXNativeTarget "MiFit" */ = {
			isa = XCConfigurationList;
			buildConfigurations = (
				6BA52FF728630036009D6E34 /* Debug */,
				6BA52FF828630036009D6E34 /* Release */,
			);
			defaultConfigurationIsVisible = 0;
			defaultConfigurationName = Release;
		};
/* End XCConfigurationList section */
	};
	rootObject = 6BA52FDA28630035009D6E34 /* Project object */;
}
